
Microsoft Visual Studio Solution File, Format Version 12.00
# Visual Studio Version 16
VisualStudioVersion = 16.0.31025.194
MinimumVisualStudioVersion = 10.0.40219.1
Project("{FAE04EC0-301F-11D3-BF4B-00C04F79EFBC}") = "Workday", "Workday\Workday.csproj", "{48CE37F0-602A-4ACB-8F8E-BD8B54520D31}"
EndProject
Project("{54435603-DBB4-11D2-8724-00A0C9A8B90C}") = "WorkdaySetup", "WorkdaySetup\WorkdaySetup.vdproj", "{A7B258CB-F409-481A-AF45-2B160446E49B}"
EndProject
Global
	GlobalSection(SolutionConfigurationPlatforms) = preSolution
		Debug|Any CPU = Debug|Any CPU
		Debug|ARM = Debug|ARM
		Debug|ARM64 = Debug|ARM64
		Debug|x64 = Debug|x64
		Debug|x86 = Debug|x86
		Release|Any CPU = Release|Any CPU
		Release|ARM = Release|ARM
		Release|ARM64 = Release|ARM64
		Release|x64 = Release|x64
		Release|x86 = Release|x86
	EndGlobalSection
	GlobalSection(ProjectConfigurationPlatforms) = postSolution
		{48CE37F0-602A-4ACB-8F8E-BD8B54520D31}.Debug|Any CPU.ActiveCfg = Release|Any CPU
		{48CE37F0-602A-4ACB-8F8E-BD8B54520D31}.Debug|Any CPU.Build.0 = Release|Any CPU
		{48CE37F0-602A-4ACB-8F8E-BD8B54520D31}.Debug|ARM.ActiveCfg = Debug|Any CPU
		{48CE37F0-602A-4ACB-8F8E-BD8B54520D31}.Debug|ARM.Build.0 = Debug|Any CPU
		{48CE37F0-602A-4ACB-8F8E-BD8B54520D31}.Debug|ARM64.ActiveCfg = Debug|Any CPU
		{48CE37F0-602A-4ACB-8F8E-BD8B54520D31}.Debug|ARM64.Build.0 = Debug|Any CPU
		{48CE37F0-602A-4ACB-8F8E-BD8B54520D31}.Debug|x64.ActiveCfg = Debug|Any CPU
		{48CE37F0-602A-4ACB-8F8E-BD8B54520D31}.Debug|x64.Build.0 = Debug|Any CPU
		{48CE37F0-602A-4ACB-8F8E-BD8B54520D31}.Debug|x86.ActiveCfg = Debug|Any CPU
		{48CE37F0-602A-4ACB-8F8E-BD8B54520D31}.Debug|x86.Build.0 = Debug|Any CPU
		{48CE37F0-602A-4ACB-8F8E-BD8B54520D31}.Release|Any CPU.ActiveCfg = Release|Any CPU
		{48CE37F0-602A-4ACB-8F8E-BD8B54520D31}.Release|Any CPU.Build.0 = Release|Any CPU
		{48CE37F0-602A-4ACB-8F8E-BD8B54520D31}.Release|ARM.ActiveCfg = Release|Any CPU
		{48CE37F0-602A-4ACB-8F8E-BD8B54520D31}.Release|ARM.Build.0 = Release|Any CPU
		{48CE37F0-602A-4ACB-8F8E-BD8B54520D31}.Release|ARM64.ActiveCfg = Release|Any CPU
		{48CE37F0-602A-4ACB-8F8E-BD8B54520D31}.Release|ARM64.Build.0 = Release|Any CPU
		{48CE37F0-602A-4ACB-8F8E-BD8B54520D31}.Release|x64.ActiveCfg = Release|Any CPU
		{48CE37F0-602A-4ACB-8F8E-BD8B54520D31}.Release|x64.Build.0 = Release|Any CPU
		{48CE37F0-602A-4ACB-8F8E-BD8B54520D31}.Release|x86.ActiveCfg = Release|Any CPU
		{48CE37F0-602A-4ACB-8F8E-BD8B54520D31}.Release|x86.Build.0 = Release|Any CPU
		{A7B258CB-F409-481A-AF45-2B160446E49B}.Debug|Any CPU.ActiveCfg = Release
		{A7B258CB-F409-481A-AF45-2B160446E49B}.Debug|ARM.ActiveCfg = Debug
		{A7B258CB-F409-481A-AF45-2B160446E49B}.Debug|ARM64.ActiveCfg = Debug
		{A7B258CB-F409-481A-AF45-2B160446E49B}.Debug|x64.ActiveCfg = Debug
		{A7B258CB-F409-481A-AF45-2B160446E49B}.Debug|x86.ActiveCfg = Debug
		{A7B258CB-F409-481A-AF45-2B160446E49B}.Release|Any CPU.ActiveCfg = Release
		{A7B258CB-F409-481A-AF45-2B160446E49B}.Release|ARM.ActiveCfg = Release
		{A7B258CB-F409-481A-AF45-2B160446E49B}.Release|ARM64.ActiveCfg = Release
		{A7B258CB-F409-481A-AF45-2B160446E49B}.Release|x64.ActiveCfg = Release
		{A7B258CB-F409-481A-AF45-2B160446E49B}.Release|x86.ActiveCfg = Release
	EndGlobalSection
	GlobalSection(SolutionProperties) = preSolution
		HideSolutionNode = FALSE
	EndGlobalSection
	GlobalSection(ExtensibilityGlobals) = postSolution
		SolutionGuid = {6C496945-F00D-43AD-A40D-842676A2738D}
	EndGlobalSection
EndGlobal
